
Microsoft Visual Studio Solution File, Format Version 12.00
# Visual Studio 15
VisualStudioVersion = 15.0.26124.0
MinimumVisualStudioVersion = 15.0.26124.0
Project("{2150E333-8FDC-42A3-9474-1A3956D46DE8}") = "src", "src", "{9D8711E3-8C81-46FB-8AA0-D234E2269B39}"
EndProject
Project("{FAE04EC0-301F-11D3-BF4B-00C04F79EFBC}") = "Contacts.Domain", "src\Contacts.Domain\Contacts.Domain.csproj", "{17156B33-7C07-46FC-A207-B8A6324FD9BB}"
EndProject
Project("{FAE04EC0-301F-11D3-BF4B-00C04F79EFBC}") = "Contatos.Application", "src\Contatos.Application\Contatos.Application.csproj", "{42F340A1-C900-444A-8661-13760F1E1194}"
EndProject
Project("{FAE04EC0-301F-11D3-BF4B-00C04F79EFBC}") = "Contatos.Infra", "src\Contatos.Infra\Contatos.Infra.csproj", "{EE3942B6-76C3-4ED8-8542-BF4544B7E5BD}"
EndProject
Project("{FAE04EC0-301F-11D3-BF4B-00C04F79EFBC}") = "Contatos.Web", "src\Contatos.Web\Contatos.Web.csproj", "{33461AD2-323D-4BF8-AB2F-CA87C2FA0085}"
EndProject
Global
	GlobalSection(SolutionConfigurationPlatforms) = preSolution
		Debug|Any CPU = Debug|Any CPU
		Debug|x64 = Debug|x64
		Debug|x86 = Debug|x86
		Release|Any CPU = Release|Any CPU
		Release|x64 = Release|x64
		Release|x86 = Release|x86
	EndGlobalSection
	GlobalSection(SolutionProperties) = preSolution
		HideSolutionNode = FALSE
	EndGlobalSection
	GlobalSection(ProjectConfigurationPlatforms) = postSolution
		{17156B33-7C07-46FC-A207-B8A6324FD9BB}.Debug|Any CPU.ActiveCfg = Debug|Any CPU
		{17156B33-7C07-46FC-A207-B8A6324FD9BB}.Debug|Any CPU.Build.0 = Debug|Any CPU
		{17156B33-7C07-46FC-A207-B8A6324FD9BB}.Debug|x64.ActiveCfg = Debug|Any CPU
		{17156B33-7C07-46FC-A207-B8A6324FD9BB}.Debug|x64.Build.0 = Debug|Any CPU
		{17156B33-7C07-46FC-A207-B8A6324FD9BB}.Debug|x86.ActiveCfg = Debug|Any CPU
		{17156B33-7C07-46FC-A207-B8A6324FD9BB}.Debug|x86.Build.0 = Debug|Any CPU
		{17156B33-7C07-46FC-A207-B8A6324FD9BB}.Release|Any CPU.ActiveCfg = Release|Any CPU
		{17156B33-7C07-46FC-A207-B8A6324FD9BB}.Release|Any CPU.Build.0 = Release|Any CPU
		{17156B33-7C07-46FC-A207-B8A6324FD9BB}.Release|x64.ActiveCfg = Release|Any CPU
		{17156B33-7C07-46FC-A207-B8A6324FD9BB}.Release|x64.Build.0 = Release|Any CPU
		{17156B33-7C07-46FC-A207-B8A6324FD9BB}.Release|x86.ActiveCfg = Release|Any CPU
		{17156B33-7C07-46FC-A207-B8A6324FD9BB}.Release|x86.Build.0 = Release|Any CPU
		{42F340A1-C900-444A-8661-13760F1E1194}.Debug|Any CPU.ActiveCfg = Debug|Any CPU
		{42F340A1-C900-444A-8661-13760F1E1194}.Debug|Any CPU.Build.0 = Debug|Any CPU
		{42F340A1-C900-444A-8661-13760F1E1194}.Debug|x64.ActiveCfg = Debug|Any CPU
		{42F340A1-C900-444A-8661-13760F1E1194}.Debug|x64.Build.0 = Debug|Any CPU
		{42F340A1-C900-444A-8661-13760F1E1194}.Debug|x86.ActiveCfg = Debug|Any CPU
		{42F340A1-C900-444A-8661-13760F1E1194}.Debug|x86.Build.0 = Debug|Any CPU
		{42F340A1-C900-444A-8661-13760F1E1194}.Release|Any CPU.ActiveCfg = Release|Any CPU
		{42F340A1-C900-444A-8661-13760F1E1194}.Release|Any CPU.Build.0 = Release|Any CPU
		{42F340A1-C900-444A-8661-13760F1E1194}.Release|x64.ActiveCfg = Release|Any CPU
		{42F340A1-C900-444A-8661-13760F1E1194}.Release|x64.Build.0 = Release|Any CPU
		{42F340A1-C900-444A-8661-13760F1E1194}.Release|x86.ActiveCfg = Release|Any CPU
		{42F340A1-C900-444A-8661-13760F1E1194}.Release|x86.Build.0 = Release|Any CPU
		{EE3942B6-76C3-4ED8-8542-BF4544B7E5BD}.Debug|Any CPU.ActiveCfg = Debug|Any CPU
		{EE3942B6-76C3-4ED8-8542-BF4544B7E5BD}.Debug|Any CPU.Build.0 = Debug|Any CPU
		{EE3942B6-76C3-4ED8-8542-BF4544B7E5BD}.Debug|x64.ActiveCfg = Debug|Any CPU
		{EE3942B6-76C3-4ED8-8542-BF4544B7E5BD}.Debug|x64.Build.0 = Debug|Any CPU
		{EE3942B6-76C3-4ED8-8542-BF4544B7E5BD}.Debug|x86.ActiveCfg = Debug|Any CPU
		{EE3942B6-76C3-4ED8-8542-BF4544B7E5BD}.Debug|x86.Build.0 = Debug|Any CPU
		{EE3942B6-76C3-4ED8-8542-BF4544B7E5BD}.Release|Any CPU.ActiveCfg = Release|Any CPU
		{EE3942B6-76C3-4ED8-8542-BF4544B7E5BD}.Release|Any CPU.Build.0 = Release|Any CPU
		{EE3942B6-76C3-4ED8-8542-BF4544B7E5BD}.Release|x64.ActiveCfg = Release|Any CPU
		{EE3942B6-76C3-4ED8-8542-BF4544B7E5BD}.Release|x64.Build.0 = Release|Any CPU
		{EE3942B6-76C3-4ED8-8542-BF4544B7E5BD}.Release|x86.ActiveCfg = Release|Any CPU
		{EE3942B6-76C3-4ED8-8542-BF4544B7E5BD}.Release|x86.Build.0 = Release|Any CPU
		{33461AD2-323D-4BF8-AB2F-CA87C2FA0085}.Debug|Any CPU.ActiveCfg = Debug|Any CPU
		{33461AD2-323D-4BF8-AB2F-CA87C2FA0085}.Debug|Any CPU.Build.0 = Debug|Any CPU
		{33461AD2-323D-4BF8-AB2F-CA87C2FA0085}.Debug|x64.ActiveCfg = Debug|Any CPU
		{33461AD2-323D-4BF8-AB2F-CA87C2FA0085}.Debug|x64.Build.0 = Debug|Any CPU
		{33461AD2-323D-4BF8-AB2F-CA87C2FA0085}.Debug|x86.ActiveCfg = Debug|Any CPU
		{33461AD2-323D-4BF8-AB2F-CA87C2FA0085}.Debug|x86.Build.0 = Debug|Any CPU
		{33461AD2-323D-4BF8-AB2F-CA87C2FA0085}.Release|Any CPU.ActiveCfg = Release|Any CPU
		{33461AD2-323D-4BF8-AB2F-CA87C2FA0085}.Release|Any CPU.Build.0 = Release|Any CPU
		{33461AD2-323D-4BF8-AB2F-CA87C2FA0085}.Release|x64.ActiveCfg = Release|Any CPU
		{33461AD2-323D-4BF8-AB2F-CA87C2FA0085}.Release|x64.Build.0 = Release|Any CPU
		{33461AD2-323D-4BF8-AB2F-CA87C2FA0085}.Release|x86.ActiveCfg = Release|Any CPU
		{33461AD2-323D-4BF8-AB2F-CA87C2FA0085}.Release|x86.Build.0 = Release|Any CPU
	EndGlobalSection
	GlobalSection(NestedProjects) = preSolution
		{17156B33-7C07-46FC-A207-B8A6324FD9BB} = {9D8711E3-8C81-46FB-8AA0-D234E2269B39}
		{42F340A1-C900-444A-8661-13760F1E1194} = {9D8711E3-8C81-46FB-8AA0-D234E2269B39}
		{EE3942B6-76C3-4ED8-8542-BF4544B7E5BD} = {9D8711E3-8C81-46FB-8AA0-D234E2269B39}
		{33461AD2-323D-4BF8-AB2F-CA87C2FA0085} = {9D8711E3-8C81-46FB-8AA0-D234E2269B39}
	EndGlobalSection
EndGlobal
